
Microsoft Visual Studio Solution File, Format Version 12.00
# Visual Studio Version 17
VisualStudioVersion = 17.8.34330.188
MinimumVisualStudioVersion = 10.0.40219.1
Project("{9A19103F-16F7-4668-BE54-9A1E7A4F7556}") = "HandyTools", "src\HandyTools\HandyTools.csproj", "{A7D2616B-23AA-4656-BE4B-C899D5450A96}"
EndProject
Project("{2150E333-8FDC-42A3-9474-1A3956D46DE8}") = "build", "build", "{4698248E-8314-4F19-9455-31C3CDDA300D}"
	ProjectSection(SolutionItems) = preProject
		build\publish.ps1 = build\publish.ps1
		build\test.ps1 = build\test.ps1
	EndProjectSection
EndProject
Global
	GlobalSection(SolutionConfigurationPlatforms) = preSolution
		Debug|Any CPU = Debug|Any CPU
		Release|Any CPU = Release|Any CPU
	EndGlobalSection
	GlobalSection(ProjectConfigurationPlatforms) = postSolution
		{A7D2616B-23AA-4656-BE4B-C899D5450A96}.Debug|Any CPU.ActiveCfg = Debug|Any CPU
		{A7D2616B-23AA-4656-BE4B-C899D5450A96}.Debug|Any CPU.Build.0 = Debug|Any CPU
		{A7D2616B-23AA-4656-BE4B-C899D5450A96}.Release|Any CPU.ActiveCfg = Release|Any CPU
		{A7D2616B-23AA-4656-BE4B-C899D5450A96}.Release|Any CPU.Build.0 = Release|Any CPU
	EndGlobalSection
	GlobalSection(SolutionProperties) = preSolution
		HideSolutionNode = FALSE
	EndGlobalSection
	GlobalSection(ExtensibilityGlobals) = postSolution
		SolutionGuid = {D054AC37-7A2F-45A6-A74C-1B3375877B5F}
	EndGlobalSection
EndGlobal
